// !$*UTF8*$!
{
	archiveVersion = 1;
	classes = {
	};
	objectVersion = 50;
	objects = {

/* Begin PBXBuildFile section */
		7205CCE921C33D7300129E38 /* AppDelegate.swift in Sources */ = {isa = PBXBuildFile; fileRef = 7205CCE821C33D7300129E38 /* AppDelegate.swift */; };
		7205CCEB21C33D7300129E38 /* ViewController.swift in Sources */ = {isa = PBXBuildFile; fileRef = 7205CCEA21C33D7300129E38 /* ViewController.swift */; };
		7205CCEE21C33D7300129E38 /* Main.storyboard in Resources */ = {isa = PBXBuildFile; fileRef = 7205CCEC21C33D7300129E38 /* Main.storyboard */; };
		7205CCF021C33D7800129E38 /* Assets.xcassets in Resources */ = {isa = PBXBuildFile; fileRef = 7205CCEF21C33D7800129E38 /* Assets.xcassets */; };
		7205CCF321C33D7800129E38 /* LaunchScreen.storyboard in Resources */ = {isa = PBXBuildFile; fileRef = 7205CCF121C33D7800129E38 /* LaunchScreen.storyboard */; };
		7205CCFC21C346A400129E38 /* Sound02.mp3 in Resources */ = {isa = PBXBuildFile; fileRef = 7205CCFA21C346A400129E38 /* Sound02.mp3 */; };
		7205CCFD21C346A400129E38 /* Sound01.mp3 in Resources */ = {isa = PBXBuildFile; fileRef = 7205CCFB21C346A400129E38 /* Sound01.mp3 */; };
/* End PBXBuildFile section */

/* Begin PBXFileReference section */
		7205CCE521C33D7300129E38 /* Lupin3rd.app */ = {isa = PBXFileReference; explicitFileType = wrapper.application; includeInIndex = 0; path = Lupin3rd.app; sourceTree = BUILT_PRODUCTS_DIR; };
		7205CCE821C33D7300129E38 /* AppDelegate.swift */ = {isa = PBXFileReference; lastKnownFileType = sourcecode.swift; path = AppDelegate.swift; sourceTree = "<group>"; };
		7205CCEA21C33D7300129E38 /* ViewController.swift */ = {isa = PBXFileReference; lastKnownFileType = sourcecode.swift; path = ViewController.swift; sourceTree = "<group>"; };
		7205CCED21C33D7300129E38 /* Base */ = {isa = PBXFileReference; lastKnownFileType = file.storyboard; name = Base; path = Base.lproj/Main.storyboard; sourceTree = "<group>"; };
		7205CCEF21C33D7800129E38 /* Assets.xcassets */ = {isa = PBXFileReference; lastKnownFileType = folder.assetcatalog; path = Assets.xcassets; sourceTree = "<group>"; };
		7205CCF221C33D7800129E38 /* Base */ = {isa = PBXFileReference; lastKnownFileType = file.storyboard; name = Base; path = Base.lproj/LaunchScreen.storyboard; sourceTree = "<group>"; };
		7205CCF421C33D7800129E38 /* Info.plist */ = {isa = PBXFileReference; lastKnownFileType = text.plist.xml; path = Info.plist; sourceTree = "<group>"; };
		7205CCFA21C346A400129E38 /* Sound02.mp3 */ = {isa = PBXFileReference; lastKnownFileType = audio.mp3; path = Sound02.mp3; sourceTree = "<group>"; };
		7205CCFB21C346A400129E38 /* Sound01.mp3 */ = {isa = PBXFileReference; lastKnownFileType = audio.mp3; path = Sound01.mp3; sourceTree = "<group>"; };
/* End PBXFileReference section */

/* Begin PBXFrameworksBuildPhase section */
		7205CCE221C33D7300129E38 /* Frameworks */ = {
			isa = PBXFrameworksBuildPhase;
			buildActionMask = 2147483647;
			files = (
			);
			runOnlyForDeploymentPostprocessing = 0;
		};
/* End PBXFrameworksBuildPhase section */

/* Begin PBXGroup section */
		7205CCDC21C33D7200129E38 = {
			isa = PBXGroup;
			children = (
				7205CCE721C33D7300129E38 /* Lupin3rd */,
				7205CCE621C33D7300129E38 /* Products */,
			);
			sourceTree = "<group>";
		};
		7205CCE621C33D7300129E38 /* Products */ = {
			isa = PBXGroup;
			children = (
				7205CCE521C33D7300129E38 /* Lupin3rd.app */,
			);
			name = Products;
			sourceTree = "<group>";
		};
		7205CCE721C33D7300129E38 /* Lupin3rd */ = {
			isa = PBXGroup;
			children = (
				7205CCE821C33D7300129E38 /* AppDelegate.swift */,
				7205CCEA21C33D7300129E38 /* ViewController.swift */,
				7205CCEC21C33D7300129E38 /* Main.storyboard */,
				7205CCEF21C33D7800129E38 /* Assets.xcassets */,
				7205CCF121C33D7800129E38 /* LaunchScreen.storyboard */,
				7205CCF421C33D7800129E38 /* Info.plist */,
				7205CCFB21C346A400129E38 /* Sound01.mp3 */,
				7205CCFA21C346A400129E38 /* Sound02.mp3 */,
			);
			path = Lupin3rd;
			sourceTree = "<group>";
		};
/* End PBXGroup section */

/* Begin PBXNativeTarget section */
		7205CCE421C33D7300129E38 /* Lupin3rd */ = {
			isa = PBXNativeTarget;
			buildConfigurationList = 7205CCF721C33D7800129E38 /* Build configuration list for PBXNativeTarget "Lupin3rd" */;
			buildPhases = (
				7205CCE121C33D7300129E38 /* Sources */,
				7205CCE221C33D7300129E38 /* Frameworks */,
				7205CCE321C33D7300129E38 /* Resources */,
			);
			buildRules = (
			);
			dependencies = (
			);
			name = Lupin3rd;
			productName = Lupin3rd;
			productReference = 7205CCE521C33D7300129E38 /* Lupin3rd.app */;
			productType = "com.apple.product-type.application";
		};
/* End PBXNativeTarget section */

/* Begin PBXProject section */
		7205CCDD21C33D7200129E38 /* Project object */ = {
			isa = PBXProject;
			attributes = {
				LastSwiftUpdateCheck = 1010;
				LastUpgradeCheck = 1010;
				ORGANIZATIONNAME = "西林光";
				TargetAttributes = {
					7205CCE421C33D7300129E38 = {
						CreatedOnToolsVersion = 10.1;
					};
				};
			};
			buildConfigurationList = 7205CCE021C33D7200129E38 /* Build configuration list for PBXProject "Lupin3rd" */;
			compatibilityVersion = "Xcode 9.3";
			developmentRegion = en;
			hasScannedForEncodings = 0;
			knownRegions = (
				en,
				Base,
			);
			mainGroup = 7205CCDC21C33D7200129E38;
			productRefGroup = 7205CCE621C33D7300129E38 /* Products */;
			projectDirPath = "";
			projectRoot = "";
			targets = (
				7205CCE421C33D7300129E38 /* Lupin3rd */,
			);
		};
/* End PBXProject section */

/* Begin PBXResourcesBuildPhase section */
		7205CCE321C33D7300129E38 /* Resources */ = {
			isa = PBXResourcesBuildPhase;
			buildActionMask = 2147483647;
			files = (
				7205CCFD21C346A400129E38 /* Sound01.mp3 in Resources */,
				7205CCFC21C346A400129E38 /* Sound02.mp3 in Resources */,
				7205CCF321C33D7800129E38 /* LaunchScreen.storyboard in Resources */,
				7205CCF021C33D7800129E38 /* Assets.xcassets in Resources */,
				7205CCEE21C33D7300129E38 /* Main.storyboard in Resources */,
			);
			runOnlyForDeploymentPostprocessing = 0;
		};
/* End PBXResourcesBuildPhase section */

/* Begin PBXSourcesBuildPhase section */
		7205CCE121C33D7300129E38 /* Sources */ = {
			isa = PBXSourcesBuildPhase;
			buildActionMask = 2147483647;
			files = (
				7205CCEB21C33D7300129E38 /* ViewController.swift in Sources */,
				7205CCE921C33D7300129E38 /* AppDelegate.swift in Sources */,
			);
			runOnlyForDeploymentPostprocessing = 0;
		};
/* End PBXSourcesBuildPhase section */

/* Begin PBXVariantGroup section */
		7205CCEC21C33D7300129E38 /* Main.storyboard */ = {
			isa = PBXVariantGroup;
			children = (
				7205CCED21C33D7300129E38 /* Base */,
			);
			name = Main.storyboard;
			sourceTree = "<group>";
		};
		7205CCF121C33D7800129E38 /* LaunchScreen.storyboard */ = {
			isa = PBXVariantGroup;
			children = (
				7205CCF221C33D7800129E38 /* Base */,
			);
			name = LaunchScreen.storyboard;
			sourceTree = "<group>";
		};
/* End PBXVariantGroup section */

/* Begin XCBuildConfiguration section */
		7205CCF521C33D7800129E38 /* Debug */ = {
			isa = XCBuildConfiguration;
			buildSettings = {
				ALWAYS_SEARCH_USER_PATHS = NO;
				CLANG_ANALYZER_NONNULL = YES;
				CLANG_ANALYZER_NUMBER_OBJECT_CONVERSION = YES_AGGRESSIVE;
				CLANG_CXX_LANGUAGE_STANDARD = "gnu++14";
				CLANG_CXX_LIBRARY = "libc++";
				CLANG_ENABLE_MODULES = YES;
				CLANG_ENABLE_OBJC_ARC = YES;
				CLANG_ENABLE_OBJC_WEAK = YES;
				CLANG_WARN_BLOCK_CAPTURE_AUTORELEASING = YES;
				CLANG_WARN_BOOL_CONVERSION = YES;
				CLANG_WARN_COMMA = YES;
				CLANG_WARN_CONSTANT_CONVERSION = YES;
				CLANG_WARN_DEPRECATED_OBJC_IMPLEMENTATIONS = YES;
				CLANG_WARN_DIRECT_OBJC_ISA_USAGE = YES_ERROR;
				CLANG_WARN_DOCUMENTATION_COMMENTS = YES;
				CLANG_WARN_EMPTY_BODY = YES;
				CLANG_WARN_ENUM_CONVERSION = YES;
				CLANG_WARN_INFINITE_RECURSION = YES;
				CLANG_WARN_INT_CONVERSION = YES;
				CLANG_WARN_NON_LITERAL_NULL_CONVERSION = YES;
				CLANG_WARN_OBJC_IMPLICIT_RETAIN_SELF = YES;
				CLANG_WARN_OBJC_LITERAL_CONVERSION = YES;
				CLANG_WARN_OBJC_ROOT_CLASS = YES_ERROR;
				CLANG_WARN_RANGE_LOOP_ANALYSIS = YES;
				CLANG_WARN_STRICT_PROTOTYPES = YES;
				CLANG_WARN_SUSPICIOUS_MOVE = YES;
				CLANG_WARN_UNGUARDED_AVAILABILITY = YES_AGGRESSIVE;
				CLANG_WARN_UNREACHABLE_CODE = YES;
				CLANG_WARN__DUPLICATE_METHOD_MATCH = YES;
				CODE_SIGN_IDENTITY = "iPhone Developer";
				COPY_PHASE_STRIP = NO;
				DEBUG_INFORMATION_FORMAT = dwarf;
				ENABLE_STRICT_OBJC_MSGSEND = YES;
				ENABLE_TESTABILITY = YES;
				GCC_C_LANGUAGE_STANDARD = gnu11;
				GCC_DYNAMIC_NO_PIC = NO;
				GCC_NO_COMMON_BLOCKS = YES;
				GCC_OPTIMIZATION_LEVEL = 0;
				GCC_PREPROCESSOR_DEFINITIONS = (
					"DEBUG=1",
					"$(inherited)",
				);
				GCC_WARN_64_TO_32_BIT_CONVERSION = YES;
				GCC_WARN_ABOUT_RETURN_TYPE = YES_ERROR;
				GCC_WARN_UNDECLARED_SELECTOR = YES;
				GCC_WARN_UNINITIALIZED_AUTOS = YES_AGGRESSIVE;
				GCC_WARN_UNUSED_FUNCTION = YES;
				GCC_WARN_UNUSED_VARIABLE = YES;
				IPHONEOS_DEPLOYMENT_TARGET = 12.1;
				MTL_ENABLE_DEBUG_INFO = INCLUDE_SOURCE;
				MTL_FAST_MATH = YES;
				ONLY_ACTIVE_ARCH = YES;
				SDKROOT = iphoneos;
				SWIFT_ACTIVE_COMPILATION_CONDITIONS = DEBUG;
				SWIFT_OPTIMIZATION_LEVEL = "-Onone";
			};
			name = Debug;
		};
		7205CCF621C33D7800129E38 /* Release */ = {
			isa = XCBuildConfiguration;
			buildSettings = {
				ALWAYS_SEARCH_USER_PATHS = NO;
				CLANG_ANALYZER_NONNULL = YES;
				CLANG_ANALYZER_NUMBER_OBJECT_CONVERSION = YES_AGGRESSIVE;
				CLANG_CXX_LANGUAGE_STANDARD = "gnu++14";
				CLANG_CXX_LIBRARY = "libc++";
				CLANG_ENABLE_MODULES = YES;
				CLANG_ENABLE_OBJC_ARC = YES;
				CLANG_ENABLE_OBJC_WEAK = YES;
				CLANG_WARN_BLOCK_CAPTURE_AUTORELEASING = YES;
				CLANG_WARN_BOOL_CONVERSION = YES;
				CLANG_WARN_COMMA = YES;
				CLANG_WARN_CONSTANT_CONVERSION = YES;
				CLANG_WARN_DEPRECATED_OBJC_IMPLEMENTATIONS = YES;
				CLANG_WARN_DIRECT_OBJC_ISA_USAGE = YES_ERROR;
				CLANG_WARN_DOCUMENTATION_COMMENTS = YES;
				CLANG_WARN_EMPTY_BODY = YES;
				CLANG_WARN_ENUM_CONVERSION = YES;
				CLANG_WARN_INFINITE_RECURSION = YES;
				CLANG_WARN_INT_CONVERSION = YES;
				CLANG_WARN_NON_LITERAL_NULL_CONVERSION = YES;
				CLANG_WARN_OBJC_IMPLICIT_RETAIN_SELF = YES;
				CLANG_WARN_OBJC_LITERAL_CONVERSION = YES;
				CLANG_WARN_OBJC_ROOT_CLASS = YES_ERROR;
				CLANG_WARN_RANGE_LOOP_ANALYSIS = YES;
				CLANG_WARN_STRICT_PROTOTYPES = YES;
				CLANG_WARN_SUSPICIOUS_MOVE = YES;
				CLANG_WARN_UNGUARDED_AVAILABILITY = YES_AGGRESSIVE;
				CLANG_WARN_UNREACHABLE_CODE = YES;
				CLANG_WARN__DUPLICATE_METHOD_MATCH = YES;
				CODE_SIGN_IDENTITY = "iPhone Developer";
				COPY_PHASE_STRIP = NO;
				DEBUG_INFORMATION_FORMAT = "dwarf-with-dsym";
				ENABLE_NS_ASSERTIONS = NO;
				ENABLE_STRICT_OBJC_MSGSEND = YES;
				GCC_C_LANGUAGE_STANDARD = gnu11;
				GCC_NO_COMMON_BLOCKS = YES;
				GCC_WARN_64_TO_32_BIT_CONVERSION = YES;
				GCC_WARN_ABOUT_RETURN_TYPE = YES_ERROR;
				GCC_WARN_UNDECLARED_SELECTOR = YES;
				GCC_WARN_UNINITIALIZED_AUTOS = YES_AGGRESSIVE;
				GCC_WARN_UNUSED_FUNCTION = YES;
				GCC_WARN_UNUSED_VARIABLE = YES;
				IPHONEOS_DEPLOYMENT_TARGET = 12.1;
				MTL_ENABLE_DEBUG_INFO = NO;
				MTL_FAST_MATH = YES;
				SDKROOT = iphoneos;
				SWIFT_COMPILATION_MODE = wholemodule;
				SWIFT_OPTIMIZATION_LEVEL = "-O";
				VALIDATE_PRODUCT = YES;
			};
			name = Release;
		};
		7205CCF821C33D7800129E38 /* Debug */ = {
			isa = XCBuildConfiguration;
			buildSettings = {
				ASSETCATALOG_COMPILER_APPICON_NAME = AppIcon;
				CODE_SIGN_STYLE = Automatic;
				INFOPLIST_FILE = Lupin3rd/Info.plist;
				LD_RUNPATH_SEARCH_PATHS = (
					"$(inherited)",
					"@executable_path/Frameworks",
				);
				PRODUCT_BUNDLE_IDENTIFIER = jp.nishi.Lupin3rd;
				PRODUCT_NAME = "$(TARGET_NAME)";
				SWIFT_VERSION = 4.2;
				TARGETED_DEVICE_FAMILY = "1,2";
			};
			name = Debug;
		};
		7205CCF921C33D7800129E38 /* Release */ = {
			isa = XCBuildConfiguration;
			buildSettings = {
				ASSETCATALOG_COMPILER_APPICON_NAME = AppIcon;
				CODE_SIGN_STYLE = Automatic;
				INFOPLIST_FILE = Lupin3rd/Info.plist;
				LD_RUNPATH_SEARCH_PATHS = (
					"$(inherited)",
					"@executable_path/Frameworks",
				);
				PRODUCT_BUNDLE_IDENTIFIER = jp.nishi.Lupin3rd;
				PRODUCT_NAME = "$(TARGET_NAME)";
				SWIFT_VERSION = 4.2;
				TARGETED_DEVICE_FAMILY = "1,2";
			};
			name = Release;
		};
/* End XCBuildConfiguration section */

/* Begin XCConfigurationList section */
		7205CCE021C33D7200129E38 /* Build configuration list for PBXProject "Lupin3rd" */ = {
			isa = XCConfigurationList;
			buildConfigurations = (
				7205CCF521C33D7800129E38 /* Debug */,
				7205CCF621C33D7800129E38 /* Release */,
			);
			defaultConfigurationIsVisible = 0;
			defaultConfigurationName = Release;
		};
		7205CCF721C33D7800129E38 /* Build configuration list for PBXNativeTarget "Lupin3rd" */ = {
			isa = XCConfigurationList;
			buildConfigurations = (
				7205CCF821C33D7800129E38 /* Debug */,
				7205CCF921C33D7800129E38 /* Release */,
			);
			defaultConfigurationIsVisible = 0;
			defaultConfigurationName = Release;
		};
/* End XCConfigurationList section */
	};
	rootObject = 7205CCDD21C33D7200129E38 /* Project object */;
}
